{
  "name": "myapp",
  "version": "1.0.0",
  "lockfileVersion": 2,
  "requires": true,
  "packages": {
    "": {
      "name": "myapp",
      "version": "1.0.0",
      "license": "ISC",
      "dependencies": {
        "@andreis3/fluentsql": "^2.0.0"
      }
    },
    "node_modules/@andreis3/fluentsql": {
      "version": "2.0.0",
      "resolved": "https://registry.npmjs.org/@andreis3/fluentsql/-/fluentsql-2.0.0.tgz",
      "integrity": "sha512-FxoLcsKrIbpZJhGMVWY7wN21D2QLbDsGjc6kQMpJKngbGF2uhSvL2Qxs5ejjb/ZJBVfZUIpKsldPexG6nbVRlg=="
    }
  },
  "dependencies": {
    "@andreis3/fluentsql": {
      "version": "2.0.0",
      "resolved": "https://registry.npmjs.org/@andreis3/fluentsql/-/fluentsql-2.0.0.tgz",
      "integrity": "sha512-FxoLcsKrIbpZJhGMVWY7wN21D2QLbDsGjc6kQMpJKngbGF2uhSvL2Qxs5ejjb/ZJBVfZUIpKsldPexG6nbVRlg=="
    }
  }
}
